PODS:
  - StickyFooterScrollView (0.1.0)

DEPENDENCIES:
  - StickyFooterScrollView (from `../`)

EXTERNAL SOURCES:
  StickyFooterScrollView:
    :path: "../"

SPEC CHECKSUMS:
  StickyFooterScrollView: 53d4ea0b9e6136256ef727ae9dd8b33d24995a8d

PODFILE CHECKSUM: c2522f706e6153abf70372c2809473f287c2aa3d

COCOAPODS: 1.11.3
