PODS:
  - StickyFooterScrollView (0.1.0)

DEPENDENCIES:
  - StickyFooterScrollView (from `../`)

EXTERNAL SOURCES:
  StickyFooterScrollView:
    :path: "../"

SPEC CHECKSUMS:
  StickyFooterScrollView: 334f557bec07eab787aceea9fb92c690d39f1310

PODFILE CHECKSUM: c2522f706e6153abf70372c2809473f287c2aa3d

COCOAPODS: 1.11.3
